
Microsoft Visual Studio Solution File, Format Version 12.00
# Visual Studio Version 17
VisualStudioVersion = 17.9.34723.18
MinimumVisualStudioVersion = 10.0.40219.1
Project("{8BC9CEB8-8B4A-11D0-8D11-00A0C91BC942}") = "23521704_BT03", "23521704_BT03\23521704_BT03.vcxproj", "{03161C89-CD97-4454-8657-3B32249BB85E}"
EndProject
Project("{8BC9CEB8-8B4A-11D0-8D11-00A0C91BC942}") = "Bai01", "Bai01\Bai01.vcxproj", "{7B19C195-1417-4B41-979E-A841F3510EE5}"
EndProject
Project("{8BC9CEB8-8B4A-11D0-8D11-00A0C91BC942}") = "Bai02", "Bai02\Bai02.vcxproj", "{9065C9C2-6D11-474E-8DD9-B27089CA5BCC}"
EndProject
Project("{8BC9CEB8-8B4A-11D0-8D11-00A0C91BC942}") = "Bai03", "Bai03\Bai03.vcxproj", "{DEA925F4-9C11-4AF4-982E-0617DCD71CC0}"
EndProject
Project("{8BC9CEB8-8B4A-11D0-8D11-00A0C91BC942}") = "Bai04", "Bai04\Bai04.vcxproj", "{C6117E09-A3D4-4244-8A24-EC7219239048}"
EndProject
Project("{8BC9CEB8-8B4A-11D0-8D11-00A0C91BC942}") = "Bai05", "Bai05\Bai05.vcxproj", "{90DECADA-C8C3-47B9-A8CC-FA9C1F8C7C29}"
EndProject
Project("{8BC9CEB8-8B4A-11D0-8D11-00A0C91BC942}") = "Bai06", "Bai06\Bai06.vcxproj", "{D2D0ED0F-0A17-4F68-AB8C-8E2BFC70A253}"
EndProject
Project("{8BC9CEB8-8B4A-11D0-8D11-00A0C91BC942}") = "Bai07", "Bai07\Bai07.vcxproj", "{FB2801E1-AB12-4004-97EE-83C22DF9F947}"
EndProject
Project("{8BC9CEB8-8B4A-11D0-8D11-00A0C91BC942}") = "Bai08", "Bai08\Bai08.vcxproj", "{21CC659E-BD56-4747-9724-8A3EC4AF4F81}"
EndProject
Project("{8BC9CEB8-8B4A-11D0-8D11-00A0C91BC942}") = "Bai09", "Bai09\Bai09.vcxproj", "{2A35BB7B-6C88-4749-8805-971D2378CBE6}"
EndProject
Project("{8BC9CEB8-8B4A-11D0-8D11-00A0C91BC942}") = "Bai10", "Bai10\Bai10.vcxproj", "{A111737D-0631-405A-8676-4EAF4281C085}"
EndProject
Project("{8BC9CEB8-8B4A-11D0-8D11-00A0C91BC942}") = "Bai11", "Bai11\Bai11.vcxproj", "{70D1DEFF-5F82-4227-A433-5354FA4B9175}"
EndProject
Project("{8BC9CEB8-8B4A-11D0-8D11-00A0C91BC942}") = "Bai12", "Bai12\Bai12.vcxproj", "{3661A38D-C045-4003-978D-9600B50C0034}"
EndProject
Project("{8BC9CEB8-8B4A-11D0-8D11-00A0C91BC942}") = "Bai13", "Bai13\Bai13.vcxproj", "{9A99AC8B-32CC-47AA-9B38-5F474B11CEEE}"
EndProject
Project("{8BC9CEB8-8B4A-11D0-8D11-00A0C91BC942}") = "Bai14", "Bai14\Bai14.vcxproj", "{DEAC7BD7-D6A0-404E-8E82-3269C5AADB8D}"
EndProject
Project("{8BC9CEB8-8B4A-11D0-8D11-00A0C91BC942}") = "Bai15", "Bai15\Bai15.vcxproj", "{7103F5D3-9A0E-4B5C-B0F7-C73BFF0D47B6}"
EndProject
Project("{8BC9CEB8-8B4A-11D0-8D11-00A0C91BC942}") = "Bai16", "Bai16\Bai16.vcxproj", "{6D836899-77C2-4773-80C2-7ED5203E44F6}"
EndProject
Project("{8BC9CEB8-8B4A-11D0-8D11-00A0C91BC942}") = "Bai17", "Bai17\Bai17.vcxproj", "{0F807303-746D-4D75-9112-A4919B8AFEE3}"
EndProject
Project("{8BC9CEB8-8B4A-11D0-8D11-00A0C91BC942}") = "Bai18", "Bai18\Bai18.vcxproj", "{8972EB4C-63A6-413D-B133-E2766D2E1D2F}"
EndProject
Global
	GlobalSection(SolutionConfigurationPlatforms) = preSolution
		Debug|x64 = Debug|x64
		Debug|x86 = Debug|x86
		Release|x64 = Release|x64
		Release|x86 = Release|x86
	EndGlobalSection
	GlobalSection(ProjectConfigurationPlatforms) = postSolution
		{03161C89-CD97-4454-8657-3B32249BB85E}.Debug|x64.ActiveCfg = Debug|x64
		{03161C89-CD97-4454-8657-3B32249BB85E}.Debug|x64.Build.0 = Debug|x64
		{03161C89-CD97-4454-8657-3B32249BB85E}.Debug|x86.ActiveCfg = Debug|Win32
		{03161C89-CD97-4454-8657-3B32249BB85E}.Debug|x86.Build.0 = Debug|Win32
		{03161C89-CD97-4454-8657-3B32249BB85E}.Release|x64.ActiveCfg = Release|x64
		{03161C89-CD97-4454-8657-3B32249BB85E}.Release|x64.Build.0 = Release|x64
		{03161C89-CD97-4454-8657-3B32249BB85E}.Release|x86.ActiveCfg = Release|Win32
		{03161C89-CD97-4454-8657-3B32249BB85E}.Release|x86.Build.0 = Release|Win32
		{7B19C195-1417-4B41-979E-A841F3510EE5}.Debug|x64.ActiveCfg = Debug|x64
		{7B19C195-1417-4B41-979E-A841F3510EE5}.Debug|x64.Build.0 = Debug|x64
		{7B19C195-1417-4B41-979E-A841F3510EE5}.Debug|x86.ActiveCfg = Debug|Win32
		{7B19C195-1417-4B41-979E-A841F3510EE5}.Debug|x86.Build.0 = Debug|Win32
		{7B19C195-1417-4B41-979E-A841F3510EE5}.Release|x64.ActiveCfg = Release|x64
		{7B19C195-1417-4B41-979E-A841F3510EE5}.Release|x64.Build.0 = Release|x64
		{7B19C195-1417-4B41-979E-A841F3510EE5}.Release|x86.ActiveCfg = Release|Win32
		{7B19C195-1417-4B41-979E-A841F3510EE5}.Release|x86.Build.0 = Release|Win32
		{9065C9C2-6D11-474E-8DD9-B27089CA5BCC}.Debug|x64.ActiveCfg = Debug|x64
		{9065C9C2-6D11-474E-8DD9-B27089CA5BCC}.Debug|x64.Build.0 = Debug|x64
		{9065C9C2-6D11-474E-8DD9-B27089CA5BCC}.Debug|x86.ActiveCfg = Debug|Win32
		{9065C9C2-6D11-474E-8DD9-B27089CA5BCC}.Debug|x86.Build.0 = Debug|Win32
		{9065C9C2-6D11-474E-8DD9-B27089CA5BCC}.Release|x64.ActiveCfg = Release|x64
		{9065C9C2-6D11-474E-8DD9-B27089CA5BCC}.Release|x64.Build.0 = Release|x64
		{9065C9C2-6D11-474E-8DD9-B27089CA5BCC}.Release|x86.ActiveCfg = Release|Win32
		{9065C9C2-6D11-474E-8DD9-B27089CA5BCC}.Release|x86.Build.0 = Release|Win32
		{DEA925F4-9C11-4AF4-982E-0617DCD71CC0}.Debug|x64.ActiveCfg = Debug|x64
		{DEA925F4-9C11-4AF4-982E-0617DCD71CC0}.Debug|x64.Build.0 = Debug|x64
		{DEA925F4-9C11-4AF4-982E-0617DCD71CC0}.Debug|x86.ActiveCfg = Debug|Win32
		{DEA925F4-9C11-4AF4-982E-0617DCD71CC0}.Debug|x86.Build.0 = Debug|Win32
		{DEA925F4-9C11-4AF4-982E-0617DCD71CC0}.Release|x64.ActiveCfg = Release|x64
		{DEA925F4-9C11-4AF4-982E-0617DCD71CC0}.Release|x64.Build.0 = Release|x64
		{DEA925F4-9C11-4AF4-982E-0617DCD71CC0}.Release|x86.ActiveCfg = Release|Win32
		{DEA925F4-9C11-4AF4-982E-0617DCD71CC0}.Release|x86.Build.0 = Release|Win32
		{C6117E09-A3D4-4244-8A24-EC7219239048}.Debug|x64.ActiveCfg = Debug|x64
		{C6117E09-A3D4-4244-8A24-EC7219239048}.Debug|x64.Build.0 = Debug|x64
		{C6117E09-A3D4-4244-8A24-EC7219239048}.Debug|x86.ActiveCfg = Debug|Win32
		{C6117E09-A3D4-4244-8A24-EC7219239048}.Debug|x86.Build.0 = Debug|Win32
		{C6117E09-A3D4-4244-8A24-EC7219239048}.Release|x64.ActiveCfg = Release|x64
		{C6117E09-A3D4-4244-8A24-EC7219239048}.Release|x64.Build.0 = Release|x64
		{C6117E09-A3D4-4244-8A24-EC7219239048}.Release|x86.ActiveCfg = Release|Win32
		{C6117E09-A3D4-4244-8A24-EC7219239048}.Release|x86.Build.0 = Release|Win32
		{90DECADA-C8C3-47B9-A8CC-FA9C1F8C7C29}.Debug|x64.ActiveCfg = Debug|x64
		{90DECADA-C8C3-47B9-A8CC-FA9C1F8C7C29}.Debug|x64.Build.0 = Debug|x64
		{90DECADA-C8C3-47B9-A8CC-FA9C1F8C7C29}.Debug|x86.ActiveCfg = Debug|Win32
		{90DECADA-C8C3-47B9-A8CC-FA9C1F8C7C29}.Debug|x86.Build.0 = Debug|Win32
		{90DECADA-C8C3-47B9-A8CC-FA9C1F8C7C29}.Release|x64.ActiveCfg = Release|x64
		{90DECADA-C8C3-47B9-A8CC-FA9C1F8C7C29}.Release|x64.Build.0 = Release|x64
		{90DECADA-C8C3-47B9-A8CC-FA9C1F8C7C29}.Release|x86.ActiveCfg = Release|Win32
		{90DECADA-C8C3-47B9-A8CC-FA9C1F8C7C29}.Release|x86.Build.0 = Release|Win32
		{D2D0ED0F-0A17-4F68-AB8C-8E2BFC70A253}.Debug|x64.ActiveCfg = Debug|x64
		{D2D0ED0F-0A17-4F68-AB8C-8E2BFC70A253}.Debug|x64.Build.0 = Debug|x64
		{D2D0ED0F-0A17-4F68-AB8C-8E2BFC70A253}.Debug|x86.ActiveCfg = Debug|Win32
		{D2D0ED0F-0A17-4F68-AB8C-8E2BFC70A253}.Debug|x86.Build.0 = Debug|Win32
		{D2D0ED0F-0A17-4F68-AB8C-8E2BFC70A253}.Release|x64.ActiveCfg = Release|x64
		{D2D0ED0F-0A17-4F68-AB8C-8E2BFC70A253}.Release|x64.Build.0 = Release|x64
		{D2D0ED0F-0A17-4F68-AB8C-8E2BFC70A253}.Release|x86.ActiveCfg = Release|Win32
		{D2D0ED0F-0A17-4F68-AB8C-8E2BFC70A253}.Release|x86.Build.0 = Release|Win32
		{FB2801E1-AB12-4004-97EE-83C22DF9F947}.Debug|x64.ActiveCfg = Debug|x64
		{FB2801E1-AB12-4004-97EE-83C22DF9F947}.Debug|x64.Build.0 = Debug|x64
		{FB2801E1-AB12-4004-97EE-83C22DF9F947}.Debug|x86.ActiveCfg = Debug|Win32
		{FB2801E1-AB12-4004-97EE-83C22DF9F947}.Debug|x86.Build.0 = Debug|Win32
		{FB2801E1-AB12-4004-97EE-83C22DF9F947}.Release|x64.ActiveCfg = Release|x64
		{FB2801E1-AB12-4004-97EE-83C22DF9F947}.Release|x64.Build.0 = Release|x64
		{FB2801E1-AB12-4004-97EE-83C22DF9F947}.Release|x86.ActiveCfg = Release|Win32
		{FB2801E1-AB12-4004-97EE-83C22DF9F947}.Release|x86.Build.0 = Release|Win32
		{21CC659E-BD56-4747-9724-8A3EC4AF4F81}.Debug|x64.ActiveCfg = Debug|x64
		{21CC659E-BD56-4747-9724-8A3EC4AF4F81}.Debug|x64.Build.0 = Debug|x64
		{21CC659E-BD56-4747-9724-8A3EC4AF4F81}.Debug|x86.ActiveCfg = Debug|Win32
		{21CC659E-BD56-4747-9724-8A3EC4AF4F81}.Debug|x86.Build.0 = Debug|Win32
		{21CC659E-BD56-4747-9724-8A3EC4AF4F81}.Release|x64.ActiveCfg = Release|x64
		{21CC659E-BD56-4747-9724-8A3EC4AF4F81}.Release|x64.Build.0 = Release|x64
		{21CC659E-BD56-4747-9724-8A3EC4AF4F81}.Release|x86.ActiveCfg = Release|Win32
		{21CC659E-BD56-4747-9724-8A3EC4AF4F81}.Release|x86.Build.0 = Release|Win32
		{2A35BB7B-6C88-4749-8805-971D2378CBE6}.Debug|x64.ActiveCfg = Debug|x64
		{2A35BB7B-6C88-4749-8805-971D2378CBE6}.Debug|x64.Build.0 = Debug|x64
		{2A35BB7B-6C88-4749-8805-971D2378CBE6}.Debug|x86.ActiveCfg = Debug|Win32
		{2A35BB7B-6C88-4749-8805-971D2378CBE6}.Debug|x86.Build.0 = Debug|Win32
		{2A35BB7B-6C88-4749-8805-971D2378CBE6}.Release|x64.ActiveCfg = Release|x64
		{2A35BB7B-6C88-4749-8805-971D2378CBE6}.Release|x64.Build.0 = Release|x64
		{2A35BB7B-6C88-4749-8805-971D2378CBE6}.Release|x86.ActiveCfg = Release|Win32
		{2A35BB7B-6C88-4749-8805-971D2378CBE6}.Release|x86.Build.0 = Release|Win32
		{A111737D-0631-405A-8676-4EAF4281C085}.Debug|x64.ActiveCfg = Debug|x64
		{A111737D-0631-405A-8676-4EAF4281C085}.Debug|x64.Build.0 = Debug|x64
		{A111737D-0631-405A-8676-4EAF4281C085}.Debug|x86.ActiveCfg = Debug|Win32
		{A111737D-0631-405A-8676-4EAF4281C085}.Debug|x86.Build.0 = Debug|Win32
		{A111737D-0631-405A-8676-4EAF4281C085}.Release|x64.ActiveCfg = Release|x64
		{A111737D-0631-405A-8676-4EAF4281C085}.Release|x64.Build.0 = Release|x64
		{A111737D-0631-405A-8676-4EAF4281C085}.Release|x86.ActiveCfg = Release|Win32
		{A111737D-0631-405A-8676-4EAF4281C085}.Release|x86.Build.0 = Release|Win32
		{70D1DEFF-5F82-4227-A433-5354FA4B9175}.Debug|x64.ActiveCfg = Debug|x64
		{70D1DEFF-5F82-4227-A433-5354FA4B9175}.Debug|x64.Build.0 = Debug|x64
		{70D1DEFF-5F82-4227-A433-5354FA4B9175}.Debug|x86.ActiveCfg = Debug|Win32
		{70D1DEFF-5F82-4227-A433-5354FA4B9175}.Debug|x86.Build.0 = Debug|Win32
		{70D1DEFF-5F82-4227-A433-5354FA4B9175}.Release|x64.ActiveCfg = Release|x64
		{70D1DEFF-5F82-4227-A433-5354FA4B9175}.Release|x64.Build.0 = Release|x64
		{70D1DEFF-5F82-4227-A433-5354FA4B9175}.Release|x86.ActiveCfg = Release|Win32
		{70D1DEFF-5F82-4227-A433-5354FA4B9175}.Release|x86.Build.0 = Release|Win32
		{3661A38D-C045-4003-978D-9600B50C0034}.Debug|x64.ActiveCfg = Debug|x64
		{3661A38D-C045-4003-978D-9600B50C0034}.Debug|x64.Build.0 = Debug|x64
		{3661A38D-C045-4003-978D-9600B50C0034}.Debug|x86.ActiveCfg = Debug|Win32
		{3661A38D-C045-4003-978D-9600B50C0034}.Debug|x86.Build.0 = Debug|Win32
		{3661A38D-C045-4003-978D-9600B50C0034}.Release|x64.ActiveCfg = Release|x64
		{3661A38D-C045-4003-978D-9600B50C0034}.Release|x64.Build.0 = Release|x64
		{3661A38D-C045-4003-978D-9600B50C0034}.Release|x86.ActiveCfg = Release|Win32
		{3661A38D-C045-4003-978D-9600B50C0034}.Release|x86.Build.0 = Release|Win32
		{9A99AC8B-32CC-47AA-9B38-5F474B11CEEE}.Debug|x64.ActiveCfg = Debug|x64
		{9A99AC8B-32CC-47AA-9B38-5F474B11CEEE}.Debug|x64.Build.0 = Debug|x64
		{9A99AC8B-32CC-47AA-9B38-5F474B11CEEE}.Debug|x86.ActiveCfg = Debug|Win32
		{9A99AC8B-32CC-47AA-9B38-5F474B11CEEE}.Debug|x86.Build.0 = Debug|Win32
		{9A99AC8B-32CC-47AA-9B38-5F474B11CEEE}.Release|x64.ActiveCfg = Release|x64
		{9A99AC8B-32CC-47AA-9B38-5F474B11CEEE}.Release|x64.Build.0 = Release|x64
		{9A99AC8B-32CC-47AA-9B38-5F474B11CEEE}.Release|x86.ActiveCfg = Release|Win32
		{9A99AC8B-32CC-47AA-9B38-5F474B11CEEE}.Release|x86.Build.0 = Release|Win32
		{DEAC7BD7-D6A0-404E-8E82-3269C5AADB8D}.Debug|x64.ActiveCfg = Debug|x64
		{DEAC7BD7-D6A0-404E-8E82-3269C5AADB8D}.Debug|x64.Build.0 = Debug|x64
		{DEAC7BD7-D6A0-404E-8E82-3269C5AADB8D}.Debug|x86.ActiveCfg = Debug|Win32
		{DEAC7BD7-D6A0-404E-8E82-3269C5AADB8D}.Debug|x86.Build.0 = Debug|Win32
		{DEAC7BD7-D6A0-404E-8E82-3269C5AADB8D}.Release|x64.ActiveCfg = Release|x64
		{DEAC7BD7-D6A0-404E-8E82-3269C5AADB8D}.Release|x64.Build.0 = Release|x64
		{DEAC7BD7-D6A0-404E-8E82-3269C5AADB8D}.Release|x86.ActiveCfg = Release|Win32
		{DEAC7BD7-D6A0-404E-8E82-3269C5AADB8D}.Release|x86.Build.0 = Release|Win32
		{7103F5D3-9A0E-4B5C-B0F7-C73BFF0D47B6}.Debug|x64.ActiveCfg = Debug|x64
		{7103F5D3-9A0E-4B5C-B0F7-C73BFF0D47B6}.Debug|x64.Build.0 = Debug|x64
		{7103F5D3-9A0E-4B5C-B0F7-C73BFF0D47B6}.Debug|x86.ActiveCfg = Debug|Win32
		{7103F5D3-9A0E-4B5C-B0F7-C73BFF0D47B6}.Debug|x86.Build.0 = Debug|Win32
		{7103F5D3-9A0E-4B5C-B0F7-C73BFF0D47B6}.Release|x64.ActiveCfg = Release|x64
		{7103F5D3-9A0E-4B5C-B0F7-C73BFF0D47B6}.Release|x64.Build.0 = Release|x64
		{7103F5D3-9A0E-4B5C-B0F7-C73BFF0D47B6}.Release|x86.ActiveCfg = Release|Win32
		{7103F5D3-9A0E-4B5C-B0F7-C73BFF0D47B6}.Release|x86.Build.0 = Release|Win32
		{6D836899-77C2-4773-80C2-7ED5203E44F6}.Debug|x64.ActiveCfg = Debug|x64
		{6D836899-77C2-4773-80C2-7ED5203E44F6}.Debug|x64.Build.0 = Debug|x64
		{6D836899-77C2-4773-80C2-7ED5203E44F6}.Debug|x86.ActiveCfg = Debug|Win32
		{6D836899-77C2-4773-80C2-7ED5203E44F6}.Debug|x86.Build.0 = Debug|Win32
		{6D836899-77C2-4773-80C2-7ED5203E44F6}.Release|x64.ActiveCfg = Release|x64
		{6D836899-77C2-4773-80C2-7ED5203E44F6}.Release|x64.Build.0 = Release|x64
		{6D836899-77C2-4773-80C2-7ED5203E44F6}.Release|x86.ActiveCfg = Release|Win32
		{6D836899-77C2-4773-80C2-7ED5203E44F6}.Release|x86.Build.0 = Release|Win32
		{0F807303-746D-4D75-9112-A4919B8AFEE3}.Debug|x64.ActiveCfg = Debug|x64
		{0F807303-746D-4D75-9112-A4919B8AFEE3}.Debug|x64.Build.0 = Debug|x64
		{0F807303-746D-4D75-9112-A4919B8AFEE3}.Debug|x86.ActiveCfg = Debug|Win32
		{0F807303-746D-4D75-9112-A4919B8AFEE3}.Debug|x86.Build.0 = Debug|Win32
		{0F807303-746D-4D75-9112-A4919B8AFEE3}.Release|x64.ActiveCfg = Release|x64
		{0F807303-746D-4D75-9112-A4919B8AFEE3}.Release|x64.Build.0 = Release|x64
		{0F807303-746D-4D75-9112-A4919B8AFEE3}.Release|x86.ActiveCfg = Release|Win32
		{0F807303-746D-4D75-9112-A4919B8AFEE3}.Release|x86.Build.0 = Release|Win32
		{8972EB4C-63A6-413D-B133-E2766D2E1D2F}.Debug|x64.ActiveCfg = Debug|x64
		{8972EB4C-63A6-413D-B133-E2766D2E1D2F}.Debug|x64.Build.0 = Debug|x64
		{8972EB4C-63A6-413D-B133-E2766D2E1D2F}.Debug|x86.ActiveCfg = Debug|Win32
		{8972EB4C-63A6-413D-B133-E2766D2E1D2F}.Debug|x86.Build.0 = Debug|Win32
		{8972EB4C-63A6-413D-B133-E2766D2E1D2F}.Release|x64.ActiveCfg = Release|x64
		{8972EB4C-63A6-413D-B133-E2766D2E1D2F}.Release|x64.Build.0 = Release|x64
		{8972EB4C-63A6-413D-B133-E2766D2E1D2F}.Release|x86.ActiveCfg = Release|Win32
		{8972EB4C-63A6-413D-B133-E2766D2E1D2F}.Release|x86.Build.0 = Release|Win32
	EndGlobalSection
	GlobalSection(SolutionProperties) = preSolution
		HideSolutionNode = FALSE
	EndGlobalSection
	GlobalSection(ExtensibilityGlobals) = postSolution
		SolutionGuid = {D41A09DA-D8B6-49B1-B710-225BC025CB5F}
	EndGlobalSection
EndGlobal
